
Microsoft Visual Studio Solution File, Format Version 12.00
# Visual Studio 15
VisualStudioVersion = 15.0.27004.2005
MinimumVisualStudioVersion = 10.0.40219.1
Project("{9A19103F-16F7-4668-BE54-9A1E7A4F7556}") = "NetCorePal.WebStorage.Local", "NetCorePal.WebStorage.Local\NetCorePal.WebStorage.Local.csproj", "{3E7E86F7-CFF8-44C6-8CDC-2E91807963B2}"
EndProject
Project("{9A19103F-16F7-4668-BE54-9A1E7A4F7556}") = "NetCorePal.WebStorage.Abstractions", "NetCorePal.WebStorage.Abstractions\NetCorePal.WebStorage.Abstractions.csproj", "{C84492CC-59EF-4E06-9DD6-BA4743168C5C}"
EndProject
Project("{2150E333-8FDC-42A3-9474-1A3956D46DE8}") = "Tests", "Tests", "{1AF29B55-BB2D-4AEA-BC14-2D22DE8A8449}"
EndProject
Project("{9A19103F-16F7-4668-BE54-9A1E7A4F7556}") = "NetCoreWeb", "NetCoreWeb\NetCoreWeb.csproj", "{77A2ADF6-98F7-4F31-8C26-03F119F802FA}"
EndProject
Project("{FAE04EC0-301F-11D3-BF4B-00C04F79EFBC}") = "Net45Web", "Net45Web\Net45Web.csproj", "{03060907-2F7E-4365-87EF-A45D2EB85006}"
EndProject
Project("{FAE04EC0-301F-11D3-BF4B-00C04F79EFBC}") = "NetCorePal.WebStorage.AliyunOSS", "NetCorePal.WebStorage.AliyunOSS\NetCorePal.WebStorage.AliyunOSS.csproj", "{1B776CEB-6C62-4980-8BAA-B82718DACF4E}"
EndProject
Global
	GlobalSection(SolutionConfigurationPlatforms) = preSolution
		Debug|Any CPU = Debug|Any CPU
		Release|Any CPU = Release|Any CPU
	EndGlobalSection
	GlobalSection(ProjectConfigurationPlatforms) = postSolution
		{3E7E86F7-CFF8-44C6-8CDC-2E91807963B2}.Debug|Any CPU.ActiveCfg = Debug|Any CPU
		{3E7E86F7-CFF8-44C6-8CDC-2E91807963B2}.Debug|Any CPU.Build.0 = Debug|Any CPU
		{3E7E86F7-CFF8-44C6-8CDC-2E91807963B2}.Release|Any CPU.ActiveCfg = Release|Any CPU
		{3E7E86F7-CFF8-44C6-8CDC-2E91807963B2}.Release|Any CPU.Build.0 = Release|Any CPU
		{C84492CC-59EF-4E06-9DD6-BA4743168C5C}.Debug|Any CPU.ActiveCfg = Debug|Any CPU
		{C84492CC-59EF-4E06-9DD6-BA4743168C5C}.Debug|Any CPU.Build.0 = Debug|Any CPU
		{C84492CC-59EF-4E06-9DD6-BA4743168C5C}.Release|Any CPU.ActiveCfg = Release|Any CPU
		{C84492CC-59EF-4E06-9DD6-BA4743168C5C}.Release|Any CPU.Build.0 = Release|Any CPU
		{77A2ADF6-98F7-4F31-8C26-03F119F802FA}.Debug|Any CPU.ActiveCfg = Debug|Any CPU
		{77A2ADF6-98F7-4F31-8C26-03F119F802FA}.Debug|Any CPU.Build.0 = Debug|Any CPU
		{77A2ADF6-98F7-4F31-8C26-03F119F802FA}.Release|Any CPU.ActiveCfg = Release|Any CPU
		{77A2ADF6-98F7-4F31-8C26-03F119F802FA}.Release|Any CPU.Build.0 = Release|Any CPU
		{03060907-2F7E-4365-87EF-A45D2EB85006}.Debug|Any CPU.ActiveCfg = Debug|Any CPU
		{03060907-2F7E-4365-87EF-A45D2EB85006}.Debug|Any CPU.Build.0 = Debug|Any CPU
		{03060907-2F7E-4365-87EF-A45D2EB85006}.Release|Any CPU.ActiveCfg = Release|Any CPU
		{03060907-2F7E-4365-87EF-A45D2EB85006}.Release|Any CPU.Build.0 = Release|Any CPU
		{1B776CEB-6C62-4980-8BAA-B82718DACF4E}.Debug|Any CPU.ActiveCfg = Debug|Any CPU
		{1B776CEB-6C62-4980-8BAA-B82718DACF4E}.Debug|Any CPU.Build.0 = Debug|Any CPU
		{1B776CEB-6C62-4980-8BAA-B82718DACF4E}.Release|Any CPU.ActiveCfg = Release|Any CPU
		{1B776CEB-6C62-4980-8BAA-B82718DACF4E}.Release|Any CPU.Build.0 = Release|Any CPU
	EndGlobalSection
	GlobalSection(SolutionProperties) = preSolution
		HideSolutionNode = FALSE
	EndGlobalSection
	GlobalSection(NestedProjects) = preSolution
		{77A2ADF6-98F7-4F31-8C26-03F119F802FA} = {1AF29B55-BB2D-4AEA-BC14-2D22DE8A8449}
		{03060907-2F7E-4365-87EF-A45D2EB85006} = {1AF29B55-BB2D-4AEA-BC14-2D22DE8A8449}
	EndGlobalSection
	GlobalSection(ExtensibilityGlobals) = postSolution
		SolutionGuid = {D0C6DB95-7C15-4282-B6AB-888018F93CE8}
	EndGlobalSection
EndGlobal
